
Microsoft Visual Studio Solution File, Format Version 12.00
# Visual Studio 14
VisualStudioVersion = 14.0.25420.1
MinimumVisualStudioVersion = 10.0.40219.1
Project("{FAE04EC0-301F-11D3-BF4B-00C04F79EFBC}") = "01 Largest Common End", "01 Largest Common End\01 Largest Common End.csproj", "{DE3C25E7-6D03-40CC-980A-671C87C921CF}"
EndProject
Project("{FAE04EC0-301F-11D3-BF4B-00C04F79EFBC}") = "02 Rotate and Sum", "02 Rotate and Sum\02 Rotate and Sum.csproj", "{0A4714D7-1FD9-4190-8B8A-9A937825BD49}"
EndProject
Project("{FAE04EC0-301F-11D3-BF4B-00C04F79EFBC}") = "02 Rotate and Sum 2", "02 Rotate and Sum 2\02 Rotate and Sum 2.csproj", "{57AA4E9A-259C-4B9B-8623-3B3E40CC8A4D}"
EndProject
Project("{FAE04EC0-301F-11D3-BF4B-00C04F79EFBC}") = "03 Fold and Sum", "03 Fold and Sum\03 Fold and Sum.csproj", "{6CE8939D-B8D9-461D-93CB-CFE83EE1B602}"
EndProject
Project("{FAE04EC0-301F-11D3-BF4B-00C04F79EFBC}") = "05 Compare Char Arrays", "05 Compare Char Arrays\05 Compare Char Arrays.csproj", "{AEF49180-89BA-4BBF-8DED-D6376924417F}"
EndProject
Project("{FAE04EC0-301F-11D3-BF4B-00C04F79EFBC}") = "05 Compare Char Arrays 2", "05 Compare Char Arrays 2\05 Compare Char Arrays 2.csproj", "{E12B8D7E-CF9A-486E-86DE-0E7D09CDA143}"
EndProject
Project("{FAE04EC0-301F-11D3-BF4B-00C04F79EFBC}") = "04 Sieve of Eratosthenes", "04 Sieve of Eratosthenes\04 Sieve of Eratosthenes.csproj", "{2DC62196-F251-4594-84B6-7D325C0341C3}"
EndProject
Project("{FAE04EC0-301F-11D3-BF4B-00C04F79EFBC}") = "06 Max Seq of EE", "06 Max Seq of EE\06 Max Seq of EE.csproj", "{05B5F766-370A-4C33-BA13-80DDA1845B45}"
EndProject
Project("{FAE04EC0-301F-11D3-BF4B-00C04F79EFBC}") = "07 Max Seq of IE", "07 Max Seq of IE\07 Max Seq of IE.csproj", "{E1AEA93E-8CF4-43A9-894C-E3B46438814B}"
EndProject
Project("{FAE04EC0-301F-11D3-BF4B-00C04F79EFBC}") = "08 MF Number", "08 MF Number\08 MF Number.csproj", "{5ED68F6B-0E01-410C-B6FC-DAE2BE777082}"
EndProject
Global
	GlobalSection(SolutionConfigurationPlatforms) = preSolution
		Debug|Any CPU = Debug|Any CPU
		Release|Any CPU = Release|Any CPU
	EndGlobalSection
	GlobalSection(ProjectConfigurationPlatforms) = postSolution
		{DE3C25E7-6D03-40CC-980A-671C87C921CF}.Debug|Any CPU.ActiveCfg = Debug|Any CPU
		{DE3C25E7-6D03-40CC-980A-671C87C921CF}.Debug|Any CPU.Build.0 = Debug|Any CPU
		{DE3C25E7-6D03-40CC-980A-671C87C921CF}.Release|Any CPU.ActiveCfg = Release|Any CPU
		{DE3C25E7-6D03-40CC-980A-671C87C921CF}.Release|Any CPU.Build.0 = Release|Any CPU
		{0A4714D7-1FD9-4190-8B8A-9A937825BD49}.Debug|Any CPU.ActiveCfg = Debug|Any CPU
		{0A4714D7-1FD9-4190-8B8A-9A937825BD49}.Debug|Any CPU.Build.0 = Debug|Any CPU
		{0A4714D7-1FD9-4190-8B8A-9A937825BD49}.Release|Any CPU.ActiveCfg = Release|Any CPU
		{0A4714D7-1FD9-4190-8B8A-9A937825BD49}.Release|Any CPU.Build.0 = Release|Any CPU
		{57AA4E9A-259C-4B9B-8623-3B3E40CC8A4D}.Debug|Any CPU.ActiveCfg = Debug|Any CPU
		{57AA4E9A-259C-4B9B-8623-3B3E40CC8A4D}.Debug|Any CPU.Build.0 = Debug|Any CPU
		{57AA4E9A-259C-4B9B-8623-3B3E40CC8A4D}.Release|Any CPU.ActiveCfg = Release|Any CPU
		{57AA4E9A-259C-4B9B-8623-3B3E40CC8A4D}.Release|Any CPU.Build.0 = Release|Any CPU
		{6CE8939D-B8D9-461D-93CB-CFE83EE1B602}.Debug|Any CPU.ActiveCfg = Debug|Any CPU
		{6CE8939D-B8D9-461D-93CB-CFE83EE1B602}.Debug|Any CPU.Build.0 = Debug|Any CPU
		{6CE8939D-B8D9-461D-93CB-CFE83EE1B602}.Release|Any CPU.ActiveCfg = Release|Any CPU
		{6CE8939D-B8D9-461D-93CB-CFE83EE1B602}.Release|Any CPU.Build.0 = Release|Any CPU
		{AEF49180-89BA-4BBF-8DED-D6376924417F}.Debug|Any CPU.ActiveCfg = Debug|Any CPU
		{AEF49180-89BA-4BBF-8DED-D6376924417F}.Debug|Any CPU.Build.0 = Debug|Any CPU
		{AEF49180-89BA-4BBF-8DED-D6376924417F}.Release|Any CPU.ActiveCfg = Release|Any CPU
		{AEF49180-89BA-4BBF-8DED-D6376924417F}.Release|Any CPU.Build.0 = Release|Any CPU
		{E12B8D7E-CF9A-486E-86DE-0E7D09CDA143}.Debug|Any CPU.ActiveCfg = Debug|Any CPU
		{E12B8D7E-CF9A-486E-86DE-0E7D09CDA143}.Debug|Any CPU.Build.0 = Debug|Any CPU
		{E12B8D7E-CF9A-486E-86DE-0E7D09CDA143}.Release|Any CPU.ActiveCfg = Release|Any CPU
		{E12B8D7E-CF9A-486E-86DE-0E7D09CDA143}.Release|Any CPU.Build.0 = Release|Any CPU
		{2DC62196-F251-4594-84B6-7D325C0341C3}.Debug|Any CPU.ActiveCfg = Debug|Any CPU
		{2DC62196-F251-4594-84B6-7D325C0341C3}.Debug|Any CPU.Build.0 = Debug|Any CPU
		{2DC62196-F251-4594-84B6-7D325C0341C3}.Release|Any CPU.ActiveCfg = Release|Any CPU
		{2DC62196-F251-4594-84B6-7D325C0341C3}.Release|Any CPU.Build.0 = Release|Any CPU
		{05B5F766-370A-4C33-BA13-80DDA1845B45}.Debug|Any CPU.ActiveCfg = Debug|Any CPU
		{05B5F766-370A-4C33-BA13-80DDA1845B45}.Debug|Any CPU.Build.0 = Debug|Any CPU
		{05B5F766-370A-4C33-BA13-80DDA1845B45}.Release|Any CPU.ActiveCfg = Release|Any CPU
		{05B5F766-370A-4C33-BA13-80DDA1845B45}.Release|Any CPU.Build.0 = Release|Any CPU
		{E1AEA93E-8CF4-43A9-894C-E3B46438814B}.Debug|Any CPU.ActiveCfg = Debug|Any CPU
		{E1AEA93E-8CF4-43A9-894C-E3B46438814B}.Debug|Any CPU.Build.0 = Debug|Any CPU
		{E1AEA93E-8CF4-43A9-894C-E3B46438814B}.Release|Any CPU.ActiveCfg = Release|Any CPU
		{E1AEA93E-8CF4-43A9-894C-E3B46438814B}.Release|Any CPU.Build.0 = Release|Any CPU
		{5ED68F6B-0E01-410C-B6FC-DAE2BE777082}.Debug|Any CPU.ActiveCfg = Debug|Any CPU
		{5ED68F6B-0E01-410C-B6FC-DAE2BE777082}.Debug|Any CPU.Build.0 = Debug|Any CPU
		{5ED68F6B-0E01-410C-B6FC-DAE2BE777082}.Release|Any CPU.ActiveCfg = Release|Any CPU
		{5ED68F6B-0E01-410C-B6FC-DAE2BE777082}.Release|Any CPU.Build.0 = Release|Any CPU
	EndGlobalSection
	GlobalSection(SolutionProperties) = preSolution
		HideSolutionNode = FALSE
	EndGlobalSection
EndGlobal
