
Microsoft Visual Studio Solution File, Format Version 12.00
# Visual Studio 14
VisualStudioVersion = 14.0.25420.1
MinimumVisualStudioVersion = 10.0.40219.1
Project("{FAE04EC0-301F-11D3-BF4B-00C04F79EFBC}") = "02 Count SubstringO", "02 Count SubstringO\02 Count SubstringO.csproj", "{BE8F89FC-2532-4763-A028-E22771E0E080}"
EndProject
Project("{FAE04EC0-301F-11D3-BF4B-00C04F79EFBC}") = "01 Reverse String", "01 Reverse String\01 Reverse String.csproj", "{93928436-DE4E-4657-AAA3-CBE4CB778786}"
EndProject
Project("{FAE04EC0-301F-11D3-BF4B-00C04F79EFBC}") = "03 Text Filter", "03 Text Filter\03 Text Filter.csproj", "{935ED771-A10F-4B5C-BAB7-41A18E9AE468}"
EndProject
Project("{FAE04EC0-301F-11D3-BF4B-00C04F79EFBC}") = "04 Palindromes", "04 Palindromes\04 Palindromes.csproj", "{4F101A9D-6767-4171-A7C3-1414398E4C03}"
EndProject
Global
	GlobalSection(SolutionConfigurationPlatforms) = preSolution
		Debug|Any CPU = Debug|Any CPU
		Release|Any CPU = Release|Any CPU
	EndGlobalSection
	GlobalSection(ProjectConfigurationPlatforms) = postSolution
		{BE8F89FC-2532-4763-A028-E22771E0E080}.Debug|Any CPU.ActiveCfg = Debug|Any CPU
		{BE8F89FC-2532-4763-A028-E22771E0E080}.Debug|Any CPU.Build.0 = Debug|Any CPU
		{BE8F89FC-2532-4763-A028-E22771E0E080}.Release|Any CPU.ActiveCfg = Release|Any CPU
		{BE8F89FC-2532-4763-A028-E22771E0E080}.Release|Any CPU.Build.0 = Release|Any CPU
		{93928436-DE4E-4657-AAA3-CBE4CB778786}.Debug|Any CPU.ActiveCfg = Debug|Any CPU
		{93928436-DE4E-4657-AAA3-CBE4CB778786}.Debug|Any CPU.Build.0 = Debug|Any CPU
		{93928436-DE4E-4657-AAA3-CBE4CB778786}.Release|Any CPU.ActiveCfg = Release|Any CPU
		{93928436-DE4E-4657-AAA3-CBE4CB778786}.Release|Any CPU.Build.0 = Release|Any CPU
		{935ED771-A10F-4B5C-BAB7-41A18E9AE468}.Debug|Any CPU.ActiveCfg = Debug|Any CPU
		{935ED771-A10F-4B5C-BAB7-41A18E9AE468}.Debug|Any CPU.Build.0 = Debug|Any CPU
		{935ED771-A10F-4B5C-BAB7-41A18E9AE468}.Release|Any CPU.ActiveCfg = Release|Any CPU
		{935ED771-A10F-4B5C-BAB7-41A18E9AE468}.Release|Any CPU.Build.0 = Release|Any CPU
		{4F101A9D-6767-4171-A7C3-1414398E4C03}.Debug|Any CPU.ActiveCfg = Debug|Any CPU
		{4F101A9D-6767-4171-A7C3-1414398E4C03}.Debug|Any CPU.Build.0 = Debug|Any CPU
		{4F101A9D-6767-4171-A7C3-1414398E4C03}.Release|Any CPU.ActiveCfg = Release|Any CPU
		{4F101A9D-6767-4171-A7C3-1414398E4C03}.Release|Any CPU.Build.0 = Release|Any CPU
	EndGlobalSection
	GlobalSection(SolutionProperties) = preSolution
		HideSolutionNode = FALSE
	EndGlobalSection
EndGlobal
