
Microsoft Visual Studio Solution File, Format Version 12.00
# Visual Studio 14
VisualStudioVersion = 14.0.25420.1
MinimumVisualStudioVersion = 10.0.40219.1
Project("{FAE04EC0-301F-11D3-BF4B-00C04F79EFBC}") = "01 Day of Week", "01 Day of Week\01 Day of Week.csproj", "{BC560247-FE72-4D83-9DC4-2618B8D9673D}"
EndProject
Project("{FAE04EC0-301F-11D3-BF4B-00C04F79EFBC}") = "02 Reverse Array", "02 Reverse Array\02 Reverse Array.csproj", "{D796AEC3-4962-461D-8EF0-AABF9CE11CB0}"
EndProject
Project("{FAE04EC0-301F-11D3-BF4B-00C04F79EFBC}") = "03 Last K Numbers", "03 Last K Numbers\03 Last K Numbers.csproj", "{332C02EC-6D8A-49F4-9ADF-5C2AD04DB392}"
EndProject
Project("{FAE04EC0-301F-11D3-BF4B-00C04F79EFBC}") = "04 Triple Sum", "04 Triple Sum\04 Triple Sum.csproj", "{64FC044E-5BE5-4058-A0F3-7E632B1749C2}"
EndProject
Global
	GlobalSection(SolutionConfigurationPlatforms) = preSolution
		Debug|Any CPU = Debug|Any CPU
		Release|Any CPU = Release|Any CPU
	EndGlobalSection
	GlobalSection(ProjectConfigurationPlatforms) = postSolution
		{BC560247-FE72-4D83-9DC4-2618B8D9673D}.Debug|Any CPU.ActiveCfg = Debug|Any CPU
		{BC560247-FE72-4D83-9DC4-2618B8D9673D}.Debug|Any CPU.Build.0 = Debug|Any CPU
		{BC560247-FE72-4D83-9DC4-2618B8D9673D}.Release|Any CPU.ActiveCfg = Release|Any CPU
		{BC560247-FE72-4D83-9DC4-2618B8D9673D}.Release|Any CPU.Build.0 = Release|Any CPU
		{D796AEC3-4962-461D-8EF0-AABF9CE11CB0}.Debug|Any CPU.ActiveCfg = Debug|Any CPU
		{D796AEC3-4962-461D-8EF0-AABF9CE11CB0}.Debug|Any CPU.Build.0 = Debug|Any CPU
		{D796AEC3-4962-461D-8EF0-AABF9CE11CB0}.Release|Any CPU.ActiveCfg = Release|Any CPU
		{D796AEC3-4962-461D-8EF0-AABF9CE11CB0}.Release|Any CPU.Build.0 = Release|Any CPU
		{332C02EC-6D8A-49F4-9ADF-5C2AD04DB392}.Debug|Any CPU.ActiveCfg = Debug|Any CPU
		{332C02EC-6D8A-49F4-9ADF-5C2AD04DB392}.Debug|Any CPU.Build.0 = Debug|Any CPU
		{332C02EC-6D8A-49F4-9ADF-5C2AD04DB392}.Release|Any CPU.ActiveCfg = Release|Any CPU
		{332C02EC-6D8A-49F4-9ADF-5C2AD04DB392}.Release|Any CPU.Build.0 = Release|Any CPU
		{64FC044E-5BE5-4058-A0F3-7E632B1749C2}.Debug|Any CPU.ActiveCfg = Debug|Any CPU
		{64FC044E-5BE5-4058-A0F3-7E632B1749C2}.Debug|Any CPU.Build.0 = Debug|Any CPU
		{64FC044E-5BE5-4058-A0F3-7E632B1749C2}.Release|Any CPU.ActiveCfg = Release|Any CPU
		{64FC044E-5BE5-4058-A0F3-7E632B1749C2}.Release|Any CPU.Build.0 = Release|Any CPU
	EndGlobalSection
	GlobalSection(SolutionProperties) = preSolution
		HideSolutionNode = FALSE
	EndGlobalSection
EndGlobal
