
Microsoft Visual Studio Solution File, Format Version 12.00
# Visual Studio 14
VisualStudioVersion = 14.0.25420.1
MinimumVisualStudioVersion = 10.0.40219.1
Project("{FAE04EC0-301F-11D3-BF4B-00C04F79EFBC}") = "01 Phonebook", "01 Phonebook\01 Phonebook.csproj", "{82F6CE17-E746-4628-9A7F-CEF5C65AB85D}"
EndProject
Project("{FAE04EC0-301F-11D3-BF4B-00C04F79EFBC}") = "02 Phonebook UPD", "02 Phonebook UPD\02 Phonebook UPD.csproj", "{C4FE7D78-96D8-4CBE-9922-63765F8D5CA2}"
EndProject
Project("{FAE04EC0-301F-11D3-BF4B-00C04F79EFBC}") = "03 A Miner Task", "03 A Miner Task\03 A Miner Task.csproj", "{B708C2EC-21B8-43BE-B42F-A0B89D828C65}"
EndProject
Project("{FAE04EC0-301F-11D3-BF4B-00C04F79EFBC}") = "04 Fix Emails", "04 Fix Emails\04 Fix Emails.csproj", "{F2098682-78EA-4505-A762-D51414548556}"
EndProject
Project("{FAE04EC0-301F-11D3-BF4B-00C04F79EFBC}") = "05 Hands of Cards", "05 Hands of Cards\05 Hands of Cards.csproj", "{5093DD41-EB67-4AE3-B70F-C06AA73AB144}"
EndProject
Project("{FAE04EC0-301F-11D3-BF4B-00C04F79EFBC}") = "06 User Logs", "06 User Logs\06 User Logs.csproj", "{F073846B-2D31-4CEA-BF24-5E1DD9F76981}"
EndProject
Project("{FAE04EC0-301F-11D3-BF4B-00C04F79EFBC}") = "07 Population Center", "07 Population Center\07 Population Center.csproj", "{AB80F82F-7979-45B1-B5D0-A4F840656529}"
EndProject
Project("{FAE04EC0-301F-11D3-BF4B-00C04F79EFBC}") = "08 Logs Aggregator", "08 Logs Aggregator\08 Logs Aggregator.csproj", "{2F94297B-2411-4F1C-A384-38C8726FC01F}"
EndProject
Project("{FAE04EC0-301F-11D3-BF4B-00C04F79EFBC}") = "09 Legendary Farming", "09 Legendary Farming\09 Legendary Farming.csproj", "{7913E4F0-83B5-4875-ACF6-CF8FD87E964C}"
EndProject
Project("{FAE04EC0-301F-11D3-BF4B-00C04F79EFBC}") = "10 Srbsko Unleashed", "10 Srbsko Unleashed\10 Srbsko Unleashed.csproj", "{EFF0E63A-29AE-4354-91E5-201553A73FBF}"
EndProject
Project("{FAE04EC0-301F-11D3-BF4B-00C04F79EFBC}") = "11 Dragon Army", "11 Dragon Army\11 Dragon Army.csproj", "{8F489767-9443-4F5B-86E6-879E1292D296}"
EndProject
Global
	GlobalSection(SolutionConfigurationPlatforms) = preSolution
		Debug|Any CPU = Debug|Any CPU
		Release|Any CPU = Release|Any CPU
	EndGlobalSection
	GlobalSection(ProjectConfigurationPlatforms) = postSolution
		{82F6CE17-E746-4628-9A7F-CEF5C65AB85D}.Debug|Any CPU.ActiveCfg = Debug|Any CPU
		{82F6CE17-E746-4628-9A7F-CEF5C65AB85D}.Debug|Any CPU.Build.0 = Debug|Any CPU
		{82F6CE17-E746-4628-9A7F-CEF5C65AB85D}.Release|Any CPU.ActiveCfg = Release|Any CPU
		{82F6CE17-E746-4628-9A7F-CEF5C65AB85D}.Release|Any CPU.Build.0 = Release|Any CPU
		{C4FE7D78-96D8-4CBE-9922-63765F8D5CA2}.Debug|Any CPU.ActiveCfg = Debug|Any CPU
		{C4FE7D78-96D8-4CBE-9922-63765F8D5CA2}.Debug|Any CPU.Build.0 = Debug|Any CPU
		{C4FE7D78-96D8-4CBE-9922-63765F8D5CA2}.Release|Any CPU.ActiveCfg = Release|Any CPU
		{C4FE7D78-96D8-4CBE-9922-63765F8D5CA2}.Release|Any CPU.Build.0 = Release|Any CPU
		{B708C2EC-21B8-43BE-B42F-A0B89D828C65}.Debug|Any CPU.ActiveCfg = Debug|Any CPU
		{B708C2EC-21B8-43BE-B42F-A0B89D828C65}.Debug|Any CPU.Build.0 = Debug|Any CPU
		{B708C2EC-21B8-43BE-B42F-A0B89D828C65}.Release|Any CPU.ActiveCfg = Release|Any CPU
		{B708C2EC-21B8-43BE-B42F-A0B89D828C65}.Release|Any CPU.Build.0 = Release|Any CPU
		{F2098682-78EA-4505-A762-D51414548556}.Debug|Any CPU.ActiveCfg = Debug|Any CPU
		{F2098682-78EA-4505-A762-D51414548556}.Debug|Any CPU.Build.0 = Debug|Any CPU
		{F2098682-78EA-4505-A762-D51414548556}.Release|Any CPU.ActiveCfg = Release|Any CPU
		{F2098682-78EA-4505-A762-D51414548556}.Release|Any CPU.Build.0 = Release|Any CPU
		{5093DD41-EB67-4AE3-B70F-C06AA73AB144}.Debug|Any CPU.ActiveCfg = Debug|Any CPU
		{5093DD41-EB67-4AE3-B70F-C06AA73AB144}.Debug|Any CPU.Build.0 = Debug|Any CPU
		{5093DD41-EB67-4AE3-B70F-C06AA73AB144}.Release|Any CPU.ActiveCfg = Release|Any CPU
		{5093DD41-EB67-4AE3-B70F-C06AA73AB144}.Release|Any CPU.Build.0 = Release|Any CPU
		{F073846B-2D31-4CEA-BF24-5E1DD9F76981}.Debug|Any CPU.ActiveCfg = Debug|Any CPU
		{F073846B-2D31-4CEA-BF24-5E1DD9F76981}.Debug|Any CPU.Build.0 = Debug|Any CPU
		{F073846B-2D31-4CEA-BF24-5E1DD9F76981}.Release|Any CPU.ActiveCfg = Release|Any CPU
		{F073846B-2D31-4CEA-BF24-5E1DD9F76981}.Release|Any CPU.Build.0 = Release|Any CPU
		{AB80F82F-7979-45B1-B5D0-A4F840656529}.Debug|Any CPU.ActiveCfg = Debug|Any CPU
		{AB80F82F-7979-45B1-B5D0-A4F840656529}.Debug|Any CPU.Build.0 = Debug|Any CPU
		{AB80F82F-7979-45B1-B5D0-A4F840656529}.Release|Any CPU.ActiveCfg = Release|Any CPU
		{AB80F82F-7979-45B1-B5D0-A4F840656529}.Release|Any CPU.Build.0 = Release|Any CPU
		{2F94297B-2411-4F1C-A384-38C8726FC01F}.Debug|Any CPU.ActiveCfg = Debug|Any CPU
		{2F94297B-2411-4F1C-A384-38C8726FC01F}.Debug|Any CPU.Build.0 = Debug|Any CPU
		{2F94297B-2411-4F1C-A384-38C8726FC01F}.Release|Any CPU.ActiveCfg = Release|Any CPU
		{2F94297B-2411-4F1C-A384-38C8726FC01F}.Release|Any CPU.Build.0 = Release|Any CPU
		{7913E4F0-83B5-4875-ACF6-CF8FD87E964C}.Debug|Any CPU.ActiveCfg = Debug|Any CPU
		{7913E4F0-83B5-4875-ACF6-CF8FD87E964C}.Debug|Any CPU.Build.0 = Debug|Any CPU
		{7913E4F0-83B5-4875-ACF6-CF8FD87E964C}.Release|Any CPU.ActiveCfg = Release|Any CPU
		{7913E4F0-83B5-4875-ACF6-CF8FD87E964C}.Release|Any CPU.Build.0 = Release|Any CPU
		{EFF0E63A-29AE-4354-91E5-201553A73FBF}.Debug|Any CPU.ActiveCfg = Debug|Any CPU
		{EFF0E63A-29AE-4354-91E5-201553A73FBF}.Debug|Any CPU.Build.0 = Debug|Any CPU
		{EFF0E63A-29AE-4354-91E5-201553A73FBF}.Release|Any CPU.ActiveCfg = Release|Any CPU
		{EFF0E63A-29AE-4354-91E5-201553A73FBF}.Release|Any CPU.Build.0 = Release|Any CPU
		{8F489767-9443-4F5B-86E6-879E1292D296}.Debug|Any CPU.ActiveCfg = Debug|Any CPU
		{8F489767-9443-4F5B-86E6-879E1292D296}.Debug|Any CPU.Build.0 = Debug|Any CPU
		{8F489767-9443-4F5B-86E6-879E1292D296}.Release|Any CPU.ActiveCfg = Release|Any CPU
		{8F489767-9443-4F5B-86E6-879E1292D296}.Release|Any CPU.Build.0 = Release|Any CPU
	EndGlobalSection
	GlobalSection(SolutionProperties) = preSolution
		HideSolutionNode = FALSE
	EndGlobalSection
EndGlobal
