
Microsoft Visual Studio Solution File, Format Version 12.00
# Visual Studio 14
VisualStudioVersion = 14.0.25420.1
MinimumVisualStudioVersion = 10.0.40219.1
Project("{FAE04EC0-301F-11D3-BF4B-00C04F79EFBC}") = "01 SoftUni Coffee Orders", "01 SoftUni Coffee Orders\01 SoftUni Coffee Orders.csproj", "{DE28E0CD-866B-4E59-B16C-05FDD34E226B}"
EndProject
Project("{FAE04EC0-301F-11D3-BF4B-00C04F79EFBC}") = "02 Command Interpreter", "02 Command Interpreter\02 Command Interpreter.csproj", "{AA969140-F738-43F6-9E89-5E5B204F48B6}"
EndProject
Project("{FAE04EC0-301F-11D3-BF4B-00C04F79EFBC}") = "03 Rage Quit", "03 Rage Quit\03 Rage Quit.csproj", "{4AEF0CAA-68BA-4AEF-B0A8-067BE45D9010}"
EndProject
Project("{FAE04EC0-301F-11D3-BF4B-00C04F79EFBC}") = "04 Files", "04 Files\04 Files.csproj", "{82DCE9BE-F4CC-4058-AEEC-DC420B53DA63}"
EndProject
Global
	GlobalSection(SolutionConfigurationPlatforms) = preSolution
		Debug|Any CPU = Debug|Any CPU
		Release|Any CPU = Release|Any CPU
	EndGlobalSection
	GlobalSection(ProjectConfigurationPlatforms) = postSolution
		{DE28E0CD-866B-4E59-B16C-05FDD34E226B}.Debug|Any CPU.ActiveCfg = Debug|Any CPU
		{DE28E0CD-866B-4E59-B16C-05FDD34E226B}.Debug|Any CPU.Build.0 = Debug|Any CPU
		{DE28E0CD-866B-4E59-B16C-05FDD34E226B}.Release|Any CPU.ActiveCfg = Release|Any CPU
		{DE28E0CD-866B-4E59-B16C-05FDD34E226B}.Release|Any CPU.Build.0 = Release|Any CPU
		{AA969140-F738-43F6-9E89-5E5B204F48B6}.Debug|Any CPU.ActiveCfg = Debug|Any CPU
		{AA969140-F738-43F6-9E89-5E5B204F48B6}.Debug|Any CPU.Build.0 = Debug|Any CPU
		{AA969140-F738-43F6-9E89-5E5B204F48B6}.Release|Any CPU.ActiveCfg = Release|Any CPU
		{AA969140-F738-43F6-9E89-5E5B204F48B6}.Release|Any CPU.Build.0 = Release|Any CPU
		{4AEF0CAA-68BA-4AEF-B0A8-067BE45D9010}.Debug|Any CPU.ActiveCfg = Debug|Any CPU
		{4AEF0CAA-68BA-4AEF-B0A8-067BE45D9010}.Debug|Any CPU.Build.0 = Debug|Any CPU
		{4AEF0CAA-68BA-4AEF-B0A8-067BE45D9010}.Release|Any CPU.ActiveCfg = Release|Any CPU
		{4AEF0CAA-68BA-4AEF-B0A8-067BE45D9010}.Release|Any CPU.Build.0 = Release|Any CPU
		{82DCE9BE-F4CC-4058-AEEC-DC420B53DA63}.Debug|Any CPU.ActiveCfg = Debug|Any CPU
		{82DCE9BE-F4CC-4058-AEEC-DC420B53DA63}.Debug|Any CPU.Build.0 = Debug|Any CPU
		{82DCE9BE-F4CC-4058-AEEC-DC420B53DA63}.Release|Any CPU.ActiveCfg = Release|Any CPU
		{82DCE9BE-F4CC-4058-AEEC-DC420B53DA63}.Release|Any CPU.Build.0 = Release|Any CPU
	EndGlobalSection
	GlobalSection(SolutionProperties) = preSolution
		HideSolutionNode = FALSE
	EndGlobalSection
EndGlobal
