
Microsoft Visual Studio Solution File, Format Version 12.00
# Visual Studio 14
VisualStudioVersion = 14.0.25420.1
MinimumVisualStudioVersion = 10.0.40219.1
Project("{FAE04EC0-301F-11D3-BF4B-00C04F79EFBC}") = "01 Debit Card Number", "01 Debit Card Number\01 Debit Card Number.csproj", "{833682C0-4138-4A72-8B1C-9032F4D9340C}"
EndProject
Project("{FAE04EC0-301F-11D3-BF4B-00C04F79EFBC}") = "02 Rectangle Area", "02 Rectangle Area\02 Rectangle Area.csproj", "{E42247A5-2285-4647-8B14-456A3F9D8E51}"
EndProject
Project("{FAE04EC0-301F-11D3-BF4B-00C04F79EFBC}") = "03 Miles to Kilometers", "03 Miles to Kilometers\03 Miles to Kilometers.csproj", "{524FD6FB-4CF5-432D-AEE6-552BA82AE38B}"
EndProject
Project("{FAE04EC0-301F-11D3-BF4B-00C04F79EFBC}") = "04 Beverage Labels", "04 Beverage Labels\04 Beverage Labels.csproj", "{6F7AB8E6-E7F4-4B40-A828-10FE9E7390DB}"
EndProject
Project("{FAE04EC0-301F-11D3-BF4B-00C04F79EFBC}") = "05 Character Stats", "05 Character Stats\05 Character Stats.csproj", "{7ACA99A1-CF16-452C-B624-544F650A1954}"
EndProject
Global
	GlobalSection(SolutionConfigurationPlatforms) = preSolution
		Debug|Any CPU = Debug|Any CPU
		Release|Any CPU = Release|Any CPU
	EndGlobalSection
	GlobalSection(ProjectConfigurationPlatforms) = postSolution
		{833682C0-4138-4A72-8B1C-9032F4D9340C}.Debug|Any CPU.ActiveCfg = Debug|Any CPU
		{833682C0-4138-4A72-8B1C-9032F4D9340C}.Debug|Any CPU.Build.0 = Debug|Any CPU
		{833682C0-4138-4A72-8B1C-9032F4D9340C}.Release|Any CPU.ActiveCfg = Release|Any CPU
		{833682C0-4138-4A72-8B1C-9032F4D9340C}.Release|Any CPU.Build.0 = Release|Any CPU
		{E42247A5-2285-4647-8B14-456A3F9D8E51}.Debug|Any CPU.ActiveCfg = Debug|Any CPU
		{E42247A5-2285-4647-8B14-456A3F9D8E51}.Debug|Any CPU.Build.0 = Debug|Any CPU
		{E42247A5-2285-4647-8B14-456A3F9D8E51}.Release|Any CPU.ActiveCfg = Release|Any CPU
		{E42247A5-2285-4647-8B14-456A3F9D8E51}.Release|Any CPU.Build.0 = Release|Any CPU
		{524FD6FB-4CF5-432D-AEE6-552BA82AE38B}.Debug|Any CPU.ActiveCfg = Debug|Any CPU
		{524FD6FB-4CF5-432D-AEE6-552BA82AE38B}.Debug|Any CPU.Build.0 = Debug|Any CPU
		{524FD6FB-4CF5-432D-AEE6-552BA82AE38B}.Release|Any CPU.ActiveCfg = Release|Any CPU
		{524FD6FB-4CF5-432D-AEE6-552BA82AE38B}.Release|Any CPU.Build.0 = Release|Any CPU
		{6F7AB8E6-E7F4-4B40-A828-10FE9E7390DB}.Debug|Any CPU.ActiveCfg = Debug|Any CPU
		{6F7AB8E6-E7F4-4B40-A828-10FE9E7390DB}.Debug|Any CPU.Build.0 = Debug|Any CPU
		{6F7AB8E6-E7F4-4B40-A828-10FE9E7390DB}.Release|Any CPU.ActiveCfg = Release|Any CPU
		{6F7AB8E6-E7F4-4B40-A828-10FE9E7390DB}.Release|Any CPU.Build.0 = Release|Any CPU
		{7ACA99A1-CF16-452C-B624-544F650A1954}.Debug|Any CPU.ActiveCfg = Debug|Any CPU
		{7ACA99A1-CF16-452C-B624-544F650A1954}.Debug|Any CPU.Build.0 = Debug|Any CPU
		{7ACA99A1-CF16-452C-B624-544F650A1954}.Release|Any CPU.ActiveCfg = Release|Any CPU
		{7ACA99A1-CF16-452C-B624-544F650A1954}.Release|Any CPU.Build.0 = Release|Any CPU
	EndGlobalSection
	GlobalSection(SolutionProperties) = preSolution
		HideSolutionNode = FALSE
	EndGlobalSection
EndGlobal
