
Microsoft Visual Studio Solution File, Format Version 12.00
# Visual Studio 14
VisualStudioVersion = 14.0.25420.1
MinimumVisualStudioVersion = 10.0.40219.1
Project("{FAE04EC0-301F-11D3-BF4B-00C04F79EFBC}") = "01 Order by Age", "01 Order by Age\01 Order by Age.csproj", "{C5C36FF4-6C48-4BFF-81DE-12D05C34196C}"
EndProject
Project("{FAE04EC0-301F-11D3-BF4B-00C04F79EFBC}") = "02 Vehicle Catalogue", "02 Vehicle Catalogue\02 Vehicle Catalogue.csproj", "{346345DB-734F-4847-A2A9-9C50FF3E2176}"
EndProject
Global
	GlobalSection(SolutionConfigurationPlatforms) = preSolution
		Debug|Any CPU = Debug|Any CPU
		Release|Any CPU = Release|Any CPU
	EndGlobalSection
	GlobalSection(ProjectConfigurationPlatforms) = postSolution
		{C5C36FF4-6C48-4BFF-81DE-12D05C34196C}.Debug|Any CPU.ActiveCfg = Debug|Any CPU
		{C5C36FF4-6C48-4BFF-81DE-12D05C34196C}.Debug|Any CPU.Build.0 = Debug|Any CPU
		{C5C36FF4-6C48-4BFF-81DE-12D05C34196C}.Release|Any CPU.ActiveCfg = Release|Any CPU
		{C5C36FF4-6C48-4BFF-81DE-12D05C34196C}.Release|Any CPU.Build.0 = Release|Any CPU
		{346345DB-734F-4847-A2A9-9C50FF3E2176}.Debug|Any CPU.ActiveCfg = Debug|Any CPU
		{346345DB-734F-4847-A2A9-9C50FF3E2176}.Debug|Any CPU.Build.0 = Debug|Any CPU
		{346345DB-734F-4847-A2A9-9C50FF3E2176}.Release|Any CPU.ActiveCfg = Release|Any CPU
		{346345DB-734F-4847-A2A9-9C50FF3E2176}.Release|Any CPU.Build.0 = Release|Any CPU
	EndGlobalSection
	GlobalSection(SolutionProperties) = preSolution
		HideSolutionNode = FALSE
	EndGlobalSection
EndGlobal
