
Microsoft Visual Studio Solution File, Format Version 12.00
# Visual Studio 14
VisualStudioVersion = 14.0.25420.1
MinimumVisualStudioVersion = 10.0.40219.1
Project("{FAE04EC0-301F-11D3-BF4B-00C04F79EFBC}") = "01 Order by Age", "01 Order by Age\01 Order by Age.csproj", "{C5C36FF4-6C48-4BFF-81DE-12D05C34196C}"
EndProject
Project("{FAE04EC0-301F-11D3-BF4B-00C04F79EFBC}") = "02 Vehicle Catalogue", "02 Vehicle Catalogue\02 Vehicle Catalogue.csproj", "{346345DB-734F-4847-A2A9-9C50FF3E2176}"
EndProject
Project("{FAE04EC0-301F-11D3-BF4B-00C04F79EFBC}") = "03 Jarvis", "03 Jarvis\03 Jarvis.csproj", "{68A682D7-D684-4160-B61E-99EF986FAA56}"
EndProject
Project("{FAE04EC0-301F-11D3-BF4B-00C04F79EFBC}") = "03 Jarvis 2", "03 Jarvis 2\03 Jarvis 2.csproj", "{8DA51B4C-0498-4DFD-BBAA-AB6FCB272E60}"
EndProject
Project("{FAE04EC0-301F-11D3-BF4B-00C04F79EFBC}") = "04 Punctuation Finder", "04 Punctuation Finder\04 Punctuation Finder.csproj", "{FAF53078-2F28-4057-9229-4682781B5684}"
EndProject
Project("{FAE04EC0-301F-11D3-BF4B-00C04F79EFBC}") = "05 Write to File", "05 Write to File\05 Write to File.csproj", "{32E4ACE2-284C-43B9-8DC1-6E2BD72A5990}"
EndProject
Project("{FAE04EC0-301F-11D3-BF4B-00C04F79EFBC}") = "06 EXCELlent", "06 EXCELlent\06 EXCELlent.csproj", "{77F1A46C-E7E9-4813-84B3-071319A52390}"
EndProject
Project("{FAE04EC0-301F-11D3-BF4B-00C04F79EFBC}") = "07 Play Catch", "07 Play Catch\07 Play Catch.csproj", "{85B43228-AA70-4111-AB92-647D11640E79}"
EndProject
Project("{FAE04EC0-301F-11D3-BF4B-00C04F79EFBC}") = "08 Personal Exception", "08 Personal Exception\08 Personal Exception.csproj", "{198C316C-9D7D-4027-8C9E-25A0D1AEE6B6}"
EndProject
Global
	GlobalSection(SolutionConfigurationPlatforms) = preSolution
		Debug|Any CPU = Debug|Any CPU
		Release|Any CPU = Release|Any CPU
	EndGlobalSection
	GlobalSection(ProjectConfigurationPlatforms) = postSolution
		{C5C36FF4-6C48-4BFF-81DE-12D05C34196C}.Debug|Any CPU.ActiveCfg = Debug|Any CPU
		{C5C36FF4-6C48-4BFF-81DE-12D05C34196C}.Debug|Any CPU.Build.0 = Debug|Any CPU
		{C5C36FF4-6C48-4BFF-81DE-12D05C34196C}.Release|Any CPU.ActiveCfg = Release|Any CPU
		{C5C36FF4-6C48-4BFF-81DE-12D05C34196C}.Release|Any CPU.Build.0 = Release|Any CPU
		{346345DB-734F-4847-A2A9-9C50FF3E2176}.Debug|Any CPU.ActiveCfg = Debug|Any CPU
		{346345DB-734F-4847-A2A9-9C50FF3E2176}.Debug|Any CPU.Build.0 = Debug|Any CPU
		{346345DB-734F-4847-A2A9-9C50FF3E2176}.Release|Any CPU.ActiveCfg = Release|Any CPU
		{346345DB-734F-4847-A2A9-9C50FF3E2176}.Release|Any CPU.Build.0 = Release|Any CPU
		{68A682D7-D684-4160-B61E-99EF986FAA56}.Debug|Any CPU.ActiveCfg = Debug|Any CPU
		{68A682D7-D684-4160-B61E-99EF986FAA56}.Debug|Any CPU.Build.0 = Debug|Any CPU
		{68A682D7-D684-4160-B61E-99EF986FAA56}.Release|Any CPU.ActiveCfg = Release|Any CPU
		{68A682D7-D684-4160-B61E-99EF986FAA56}.Release|Any CPU.Build.0 = Release|Any CPU
		{8DA51B4C-0498-4DFD-BBAA-AB6FCB272E60}.Debug|Any CPU.ActiveCfg = Debug|Any CPU
		{8DA51B4C-0498-4DFD-BBAA-AB6FCB272E60}.Debug|Any CPU.Build.0 = Debug|Any CPU
		{8DA51B4C-0498-4DFD-BBAA-AB6FCB272E60}.Release|Any CPU.ActiveCfg = Release|Any CPU
		{8DA51B4C-0498-4DFD-BBAA-AB6FCB272E60}.Release|Any CPU.Build.0 = Release|Any CPU
		{FAF53078-2F28-4057-9229-4682781B5684}.Debug|Any CPU.ActiveCfg = Debug|Any CPU
		{FAF53078-2F28-4057-9229-4682781B5684}.Debug|Any CPU.Build.0 = Debug|Any CPU
		{FAF53078-2F28-4057-9229-4682781B5684}.Release|Any CPU.ActiveCfg = Release|Any CPU
		{FAF53078-2F28-4057-9229-4682781B5684}.Release|Any CPU.Build.0 = Release|Any CPU
		{32E4ACE2-284C-43B9-8DC1-6E2BD72A5990}.Debug|Any CPU.ActiveCfg = Debug|Any CPU
		{32E4ACE2-284C-43B9-8DC1-6E2BD72A5990}.Debug|Any CPU.Build.0 = Debug|Any CPU
		{32E4ACE2-284C-43B9-8DC1-6E2BD72A5990}.Release|Any CPU.ActiveCfg = Release|Any CPU
		{32E4ACE2-284C-43B9-8DC1-6E2BD72A5990}.Release|Any CPU.Build.0 = Release|Any CPU
		{77F1A46C-E7E9-4813-84B3-071319A52390}.Debug|Any CPU.ActiveCfg = Debug|Any CPU
		{77F1A46C-E7E9-4813-84B3-071319A52390}.Debug|Any CPU.Build.0 = Debug|Any CPU
		{77F1A46C-E7E9-4813-84B3-071319A52390}.Release|Any CPU.ActiveCfg = Release|Any CPU
		{77F1A46C-E7E9-4813-84B3-071319A52390}.Release|Any CPU.Build.0 = Release|Any CPU
		{85B43228-AA70-4111-AB92-647D11640E79}.Debug|Any CPU.ActiveCfg = Debug|Any CPU
		{85B43228-AA70-4111-AB92-647D11640E79}.Debug|Any CPU.Build.0 = Debug|Any CPU
		{85B43228-AA70-4111-AB92-647D11640E79}.Release|Any CPU.ActiveCfg = Release|Any CPU
		{85B43228-AA70-4111-AB92-647D11640E79}.Release|Any CPU.Build.0 = Release|Any CPU
		{198C316C-9D7D-4027-8C9E-25A0D1AEE6B6}.Debug|Any CPU.ActiveCfg = Debug|Any CPU
		{198C316C-9D7D-4027-8C9E-25A0D1AEE6B6}.Debug|Any CPU.Build.0 = Debug|Any CPU
		{198C316C-9D7D-4027-8C9E-25A0D1AEE6B6}.Release|Any CPU.ActiveCfg = Release|Any CPU
		{198C316C-9D7D-4027-8C9E-25A0D1AEE6B6}.Release|Any CPU.Build.0 = Release|Any CPU
	EndGlobalSection
	GlobalSection(SolutionProperties) = preSolution
		HideSolutionNode = FALSE
	EndGlobalSection
EndGlobal
