
Microsoft Visual Studio Solution File, Format Version 12.00
# Visual Studio 14
VisualStudioVersion = 14.0.25420.1
MinimumVisualStudioVersion = 10.0.40219.1
Project("{FAE04EC0-301F-11D3-BF4B-00C04F79EFBC}") = "01 Array Statistics", "01 Array Statistics\01 Array Statistics.csproj", "{8B0CA7F4-EEF6-429F-AED4-EF8D6A982E5F}"
EndProject
Project("{FAE04EC0-301F-11D3-BF4B-00C04F79EFBC}") = "02 Мanipulate Array", "02 Мanipulate Array\02 Мanipulate Array.csproj", "{A1FE0166-1A44-4E45-90C4-833A5C6BBC9A}"
EndProject
Project("{FAE04EC0-301F-11D3-BF4B-00C04F79EFBC}") = "09 Jump Around", "09 Jump Around\09 Jump Around.csproj", "{BC81AB35-EB6A-4028-819B-2CCDAE064CFB}"
EndProject
Project("{FAE04EC0-301F-11D3-BF4B-00C04F79EFBC}") = "03 Safe Manipulation", "03 Safe Manipulation\03 Safe Manipulation.csproj", "{9B28FE35-C176-4140-8767-8ECE351E87AE}"
EndProject
Global
	GlobalSection(SolutionConfigurationPlatforms) = preSolution
		Debug|Any CPU = Debug|Any CPU
		Release|Any CPU = Release|Any CPU
	EndGlobalSection
	GlobalSection(ProjectConfigurationPlatforms) = postSolution
		{8B0CA7F4-EEF6-429F-AED4-EF8D6A982E5F}.Debug|Any CPU.ActiveCfg = Debug|Any CPU
		{8B0CA7F4-EEF6-429F-AED4-EF8D6A982E5F}.Debug|Any CPU.Build.0 = Debug|Any CPU
		{8B0CA7F4-EEF6-429F-AED4-EF8D6A982E5F}.Release|Any CPU.ActiveCfg = Release|Any CPU
		{8B0CA7F4-EEF6-429F-AED4-EF8D6A982E5F}.Release|Any CPU.Build.0 = Release|Any CPU
		{A1FE0166-1A44-4E45-90C4-833A5C6BBC9A}.Debug|Any CPU.ActiveCfg = Debug|Any CPU
		{A1FE0166-1A44-4E45-90C4-833A5C6BBC9A}.Debug|Any CPU.Build.0 = Debug|Any CPU
		{A1FE0166-1A44-4E45-90C4-833A5C6BBC9A}.Release|Any CPU.ActiveCfg = Release|Any CPU
		{A1FE0166-1A44-4E45-90C4-833A5C6BBC9A}.Release|Any CPU.Build.0 = Release|Any CPU
		{BC81AB35-EB6A-4028-819B-2CCDAE064CFB}.Debug|Any CPU.ActiveCfg = Debug|Any CPU
		{BC81AB35-EB6A-4028-819B-2CCDAE064CFB}.Debug|Any CPU.Build.0 = Debug|Any CPU
		{BC81AB35-EB6A-4028-819B-2CCDAE064CFB}.Release|Any CPU.ActiveCfg = Release|Any CPU
		{BC81AB35-EB6A-4028-819B-2CCDAE064CFB}.Release|Any CPU.Build.0 = Release|Any CPU
		{9B28FE35-C176-4140-8767-8ECE351E87AE}.Debug|Any CPU.ActiveCfg = Debug|Any CPU
		{9B28FE35-C176-4140-8767-8ECE351E87AE}.Debug|Any CPU.Build.0 = Debug|Any CPU
		{9B28FE35-C176-4140-8767-8ECE351E87AE}.Release|Any CPU.ActiveCfg = Release|Any CPU
		{9B28FE35-C176-4140-8767-8ECE351E87AE}.Release|Any CPU.Build.0 = Release|Any CPU
	EndGlobalSection
	GlobalSection(SolutionProperties) = preSolution
		HideSolutionNode = FALSE
	EndGlobalSection
EndGlobal
