
Microsoft Visual Studio Solution File, Format Version 12.00
# Visual Studio 14
VisualStudioVersion = 14.0.25420.1
MinimumVisualStudioVersion = 10.0.40219.1
Project("{FAE04EC0-301F-11D3-BF4B-00C04F79EFBC}") = "01 Centuries to Minutes", "01 Centuries to Minutes\01 Centuries to Minutes.csproj", "{47F17E63-9DDB-45F0-AB12-0E6DAEAD097D}"
EndProject
Project("{FAE04EC0-301F-11D3-BF4B-00C04F79EFBC}") = "02 Circle Area", "02 Circle Area\02 Circle Area.csproj", "{248F76B1-C6A1-4163-80C3-FDC5F5927F04}"
EndProject
Project("{FAE04EC0-301F-11D3-BF4B-00C04F79EFBC}") = "03 Exact Sum", "03 Exact Sum\03 Exact Sum.csproj", "{2C26367B-7981-4C9E-BF1E-07BE32F3C8A3}"
EndProject
Global
	GlobalSection(SolutionConfigurationPlatforms) = preSolution
		Debug|Any CPU = Debug|Any CPU
		Release|Any CPU = Release|Any CPU
	EndGlobalSection
	GlobalSection(ProjectConfigurationPlatforms) = postSolution
		{47F17E63-9DDB-45F0-AB12-0E6DAEAD097D}.Debug|Any CPU.ActiveCfg = Debug|Any CPU
		{47F17E63-9DDB-45F0-AB12-0E6DAEAD097D}.Debug|Any CPU.Build.0 = Debug|Any CPU
		{47F17E63-9DDB-45F0-AB12-0E6DAEAD097D}.Release|Any CPU.ActiveCfg = Release|Any CPU
		{47F17E63-9DDB-45F0-AB12-0E6DAEAD097D}.Release|Any CPU.Build.0 = Release|Any CPU
		{248F76B1-C6A1-4163-80C3-FDC5F5927F04}.Debug|Any CPU.ActiveCfg = Debug|Any CPU
		{248F76B1-C6A1-4163-80C3-FDC5F5927F04}.Debug|Any CPU.Build.0 = Debug|Any CPU
		{248F76B1-C6A1-4163-80C3-FDC5F5927F04}.Release|Any CPU.ActiveCfg = Release|Any CPU
		{248F76B1-C6A1-4163-80C3-FDC5F5927F04}.Release|Any CPU.Build.0 = Release|Any CPU
		{2C26367B-7981-4C9E-BF1E-07BE32F3C8A3}.Debug|Any CPU.ActiveCfg = Debug|Any CPU
		{2C26367B-7981-4C9E-BF1E-07BE32F3C8A3}.Debug|Any CPU.Build.0 = Debug|Any CPU
		{2C26367B-7981-4C9E-BF1E-07BE32F3C8A3}.Release|Any CPU.ActiveCfg = Release|Any CPU
		{2C26367B-7981-4C9E-BF1E-07BE32F3C8A3}.Release|Any CPU.Build.0 = Release|Any CPU
	EndGlobalSection
	GlobalSection(SolutionProperties) = preSolution
		HideSolutionNode = FALSE
	EndGlobalSection
EndGlobal
