
Microsoft Visual Studio Solution File, Format Version 12.00
# Visual Studio 14
VisualStudioVersion = 14.0.25420.1
MinimumVisualStudioVersion = 10.0.40219.1
Project("{FAE04EC0-301F-11D3-BF4B-00C04F79EFBC}") = "01 Blank Receipt", "01 Blank Receipt\01 Blank Receipt.csproj", "{3EB79CFD-35DB-4FA1-97D0-6D4594BC158B}"
EndProject
Project("{FAE04EC0-301F-11D3-BF4B-00C04F79EFBC}") = "02 Sign of Integer Num", "02 Sign of Integer Num\02 Sign of Integer Num.csproj", "{CACE0319-1717-4084-92E6-83EA702F2654}"
EndProject
Project("{FAE04EC0-301F-11D3-BF4B-00C04F79EFBC}") = "03 Printing Triangle", "03 Printing Triangle\03 Printing Triangle.csproj", "{F76279A9-DFDE-4D45-B4FB-ED1419DD1F0A}"
EndProject
Project("{FAE04EC0-301F-11D3-BF4B-00C04F79EFBC}") = "04 DaFSquare", "04 DaFSquare\04 DaFSquare.csproj", "{D98A6835-5FAF-4833-84E3-59424572E85A}"
EndProject
Project("{FAE04EC0-301F-11D3-BF4B-00C04F79EFBC}") = "05 Calc Triangle Area", "05 Calc Triangle Area\05 Calc Triangle Area.csproj", "{20F325CD-57EE-47BC-82D8-0073A1C768D2}"
EndProject
Project("{FAE04EC0-301F-11D3-BF4B-00C04F79EFBC}") = "06 Math Pow", "06 Math Pow\06 Math Pow.csproj", "{933B2298-D6C6-4576-BCCB-3E7A340B35FE}"
EndProject
Project("{FAE04EC0-301F-11D3-BF4B-00C04F79EFBC}") = "07 Greater of Two", "07 Greater of Two\07 Greater of Two.csproj", "{A37E5660-3C54-4DD4-9D3F-6B33B29C06A2}"
EndProject
Project("{FAE04EC0-301F-11D3-BF4B-00C04F79EFBC}") = "08 Multiply Evens by Odds", "08 Multiply Evens by Odds\08 Multiply Evens by Odds.csproj", "{506CF9F6-4E95-4354-8077-8A548CAF580E}"
EndProject
Project("{FAE04EC0-301F-11D3-BF4B-00C04F79EFBC}") = "09 Holidays BTD", "09 Holidays BTD\09 Holidays BTD.csproj", "{F0C6A1FB-02A2-4768-AA65-07E897308EE8}"
EndProject
Global
	GlobalSection(SolutionConfigurationPlatforms) = preSolution
		Debug|Any CPU = Debug|Any CPU
		Release|Any CPU = Release|Any CPU
	EndGlobalSection
	GlobalSection(ProjectConfigurationPlatforms) = postSolution
		{3EB79CFD-35DB-4FA1-97D0-6D4594BC158B}.Debug|Any CPU.ActiveCfg = Debug|Any CPU
		{3EB79CFD-35DB-4FA1-97D0-6D4594BC158B}.Debug|Any CPU.Build.0 = Debug|Any CPU
		{3EB79CFD-35DB-4FA1-97D0-6D4594BC158B}.Release|Any CPU.ActiveCfg = Release|Any CPU
		{3EB79CFD-35DB-4FA1-97D0-6D4594BC158B}.Release|Any CPU.Build.0 = Release|Any CPU
		{CACE0319-1717-4084-92E6-83EA702F2654}.Debug|Any CPU.ActiveCfg = Debug|Any CPU
		{CACE0319-1717-4084-92E6-83EA702F2654}.Debug|Any CPU.Build.0 = Debug|Any CPU
		{CACE0319-1717-4084-92E6-83EA702F2654}.Release|Any CPU.ActiveCfg = Release|Any CPU
		{CACE0319-1717-4084-92E6-83EA702F2654}.Release|Any CPU.Build.0 = Release|Any CPU
		{F76279A9-DFDE-4D45-B4FB-ED1419DD1F0A}.Debug|Any CPU.ActiveCfg = Debug|Any CPU
		{F76279A9-DFDE-4D45-B4FB-ED1419DD1F0A}.Debug|Any CPU.Build.0 = Debug|Any CPU
		{F76279A9-DFDE-4D45-B4FB-ED1419DD1F0A}.Release|Any CPU.ActiveCfg = Release|Any CPU
		{F76279A9-DFDE-4D45-B4FB-ED1419DD1F0A}.Release|Any CPU.Build.0 = Release|Any CPU
		{D98A6835-5FAF-4833-84E3-59424572E85A}.Debug|Any CPU.ActiveCfg = Debug|Any CPU
		{D98A6835-5FAF-4833-84E3-59424572E85A}.Debug|Any CPU.Build.0 = Debug|Any CPU
		{D98A6835-5FAF-4833-84E3-59424572E85A}.Release|Any CPU.ActiveCfg = Release|Any CPU
		{D98A6835-5FAF-4833-84E3-59424572E85A}.Release|Any CPU.Build.0 = Release|Any CPU
		{20F325CD-57EE-47BC-82D8-0073A1C768D2}.Debug|Any CPU.ActiveCfg = Debug|Any CPU
		{20F325CD-57EE-47BC-82D8-0073A1C768D2}.Debug|Any CPU.Build.0 = Debug|Any CPU
		{20F325CD-57EE-47BC-82D8-0073A1C768D2}.Release|Any CPU.ActiveCfg = Release|Any CPU
		{20F325CD-57EE-47BC-82D8-0073A1C768D2}.Release|Any CPU.Build.0 = Release|Any CPU
		{933B2298-D6C6-4576-BCCB-3E7A340B35FE}.Debug|Any CPU.ActiveCfg = Debug|Any CPU
		{933B2298-D6C6-4576-BCCB-3E7A340B35FE}.Debug|Any CPU.Build.0 = Debug|Any CPU
		{933B2298-D6C6-4576-BCCB-3E7A340B35FE}.Release|Any CPU.ActiveCfg = Release|Any CPU
		{933B2298-D6C6-4576-BCCB-3E7A340B35FE}.Release|Any CPU.Build.0 = Release|Any CPU
		{A37E5660-3C54-4DD4-9D3F-6B33B29C06A2}.Debug|Any CPU.ActiveCfg = Debug|Any CPU
		{A37E5660-3C54-4DD4-9D3F-6B33B29C06A2}.Debug|Any CPU.Build.0 = Debug|Any CPU
		{A37E5660-3C54-4DD4-9D3F-6B33B29C06A2}.Release|Any CPU.ActiveCfg = Release|Any CPU
		{A37E5660-3C54-4DD4-9D3F-6B33B29C06A2}.Release|Any CPU.Build.0 = Release|Any CPU
		{506CF9F6-4E95-4354-8077-8A548CAF580E}.Debug|Any CPU.ActiveCfg = Debug|Any CPU
		{506CF9F6-4E95-4354-8077-8A548CAF580E}.Debug|Any CPU.Build.0 = Debug|Any CPU
		{506CF9F6-4E95-4354-8077-8A548CAF580E}.Release|Any CPU.ActiveCfg = Release|Any CPU
		{506CF9F6-4E95-4354-8077-8A548CAF580E}.Release|Any CPU.Build.0 = Release|Any CPU
		{F0C6A1FB-02A2-4768-AA65-07E897308EE8}.Debug|Any CPU.ActiveCfg = Debug|Any CPU
		{F0C6A1FB-02A2-4768-AA65-07E897308EE8}.Debug|Any CPU.Build.0 = Debug|Any CPU
		{F0C6A1FB-02A2-4768-AA65-07E897308EE8}.Release|Any CPU.ActiveCfg = Release|Any CPU
		{F0C6A1FB-02A2-4768-AA65-07E897308EE8}.Release|Any CPU.Build.0 = Release|Any CPU
	EndGlobalSection
	GlobalSection(SolutionProperties) = preSolution
		HideSolutionNode = FALSE
	EndGlobalSection
EndGlobal
