
Microsoft Visual Studio Solution File, Format Version 12.00
# Visual Studio 14
VisualStudioVersion = 14.0.25420.1
MinimumVisualStudioVersion = 10.0.40219.1
Project("{FAE04EC0-301F-11D3-BF4B-00C04F79EFBC}") = "01 Hello Name", "01 Hello Name\01 Hello Name.csproj", "{40328EEF-3A9F-4601-9FD9-BDCF4F75ED65}"
EndProject
Project("{FAE04EC0-301F-11D3-BF4B-00C04F79EFBC}") = "02 Min Method", "02 Min Method\02 Min Method.csproj", "{C3F776D3-3BFF-4E52-ADAF-6058011EFCAD}"
EndProject
Project("{FAE04EC0-301F-11D3-BF4B-00C04F79EFBC}") = "03 English NOTLD", "03 English NOTLD\03 English NOTLD.csproj", "{08802C88-6DDF-4507-B009-FEFC111B0B5A}"
EndProject
Project("{FAE04EC0-301F-11D3-BF4B-00C04F79EFBC}") = "04 Nums in Reversed Order", "04 Nums in Reversed Order\04 Nums in Reversed Order.csproj", "{2D653A25-DE80-4995-95BF-7CCF1903E1FB}"
EndProject
Project("{FAE04EC0-301F-11D3-BF4B-00C04F79EFBC}") = "05 Fibonacci Nums", "05 Fibonacci Nums\05 Fibonacci Nums.csproj", "{FF96E57F-E95C-4E41-9BE7-6A5AE8E1E86D}"
EndProject
Project("{FAE04EC0-301F-11D3-BF4B-00C04F79EFBC}") = "06 Prime Checker", "06 Prime Checker\06 Prime Checker.csproj", "{1E673667-81B0-4325-BC5E-0B74FCBD7517}"
EndProject
Project("{FAE04EC0-301F-11D3-BF4B-00C04F79EFBC}") = "07 Primes in GR", "07 Primes in GR\07 Primes in GR.csproj", "{2143A171-D629-41F6-B0F7-4CF82F079981}"
EndProject
Project("{FAE04EC0-301F-11D3-BF4B-00C04F79EFBC}") = "08 Center Point", "08 Center Point\08 Center Point.csproj", "{EBEFE7D2-FDC6-47D0-8A44-755A26D5C7D9}"
EndProject
Project("{FAE04EC0-301F-11D3-BF4B-00C04F79EFBC}") = "09 Longer Line", "09 Longer Line\09 Longer Line.csproj", "{9D266105-959C-4EAC-95AD-2A26705FF45E}"
EndProject
Project("{FAE04EC0-301F-11D3-BF4B-00C04F79EFBC}") = "09 Longer Line 2", "09 Longer Line 2\09 Longer Line 2.csproj", "{B3A7C39A-6A85-4782-BE9A-9AAC79F7E2F4}"
EndProject
Project("{FAE04EC0-301F-11D3-BF4B-00C04F79EFBC}") = "10 Cube Properties", "10 Cube Properties\10 Cube Properties.csproj", "{92701165-D39F-4066-AB1E-F48B9F2E9C9C}"
EndProject
Project("{FAE04EC0-301F-11D3-BF4B-00C04F79EFBC}") = "11 Geometry Calc", "11 Geometry Calc\11 Geometry Calc.csproj", "{546F56DA-46FD-4B43-A6E1-B9AA4C2E24A4}"
EndProject
Project("{FAE04EC0-301F-11D3-BF4B-00C04F79EFBC}") = "12 Master Number", "12 Master Number\12 Master Number.csproj", "{EF624853-DA43-438F-9B00-83D3670C54E1}"
EndProject
Project("{FAE04EC0-301F-11D3-BF4B-00C04F79EFBC}") = "12 Master Number 2", "12 Master Number 2\12 Master Number 2.csproj", "{4D52B5FE-8E7B-4480-94FE-47F197D512C2}"
EndProject
Project("{FAE04EC0-301F-11D3-BF4B-00C04F79EFBC}") = "13 Factorial", "13 Factorial\13 Factorial.csproj", "{579A35D7-E1F4-4796-8F53-A99D3EEC35FE}"
EndProject
Project("{FAE04EC0-301F-11D3-BF4B-00C04F79EFBC}") = "14 Factorial TZ", "14 Factorial TZ\14 Factorial TZ.csproj", "{198D4512-BF4A-4A18-B4D4-C7E3D09A1453}"
EndProject
Project("{FAE04EC0-301F-11D3-BF4B-00C04F79EFBC}") = "06 Prime Checker 2", "06 Prime Checker 2\06 Prime Checker 2.csproj", "{AAC2508F-D30C-489D-BDFC-02DA0D62FE9A}"
EndProject
Project("{FAE04EC0-301F-11D3-BF4B-00C04F79EFBC}") = "15 Substring", "15 Substring\15 Substring.csproj", "{9D1DAFF8-660B-4955-B38D-F17AC20098AD}"
EndProject
Project("{FAE04EC0-301F-11D3-BF4B-00C04F79EFBC}") = "16 Instruction Set", "16 Instruction Set\16 Instruction Set.csproj", "{204A77B8-5965-4A87-AABE-13B7FA0CB68C}"
EndProject
Project("{FAE04EC0-301F-11D3-BF4B-00C04F79EFBC}") = "17 Be Positive", "17 Be Positive\17 Be Positive.csproj", "{DBF466A6-B0AB-4C21-B916-F68D33A1C556}"
EndProject
Project("{FAE04EC0-301F-11D3-BF4B-00C04F79EFBC}") = "18 Sequence of Commands", "18 Sequence of Commands\18 Sequence of Commands.csproj", "{4EE0FFD2-8AC6-412D-B8FC-CCAF5AD708E0}"
EndProject
Global
	GlobalSection(SolutionConfigurationPlatforms) = preSolution
		Debug|Any CPU = Debug|Any CPU
		Release|Any CPU = Release|Any CPU
	EndGlobalSection
	GlobalSection(ProjectConfigurationPlatforms) = postSolution
		{40328EEF-3A9F-4601-9FD9-BDCF4F75ED65}.Debug|Any CPU.ActiveCfg = Debug|Any CPU
		{40328EEF-3A9F-4601-9FD9-BDCF4F75ED65}.Debug|Any CPU.Build.0 = Debug|Any CPU
		{40328EEF-3A9F-4601-9FD9-BDCF4F75ED65}.Release|Any CPU.ActiveCfg = Release|Any CPU
		{40328EEF-3A9F-4601-9FD9-BDCF4F75ED65}.Release|Any CPU.Build.0 = Release|Any CPU
		{C3F776D3-3BFF-4E52-ADAF-6058011EFCAD}.Debug|Any CPU.ActiveCfg = Debug|Any CPU
		{C3F776D3-3BFF-4E52-ADAF-6058011EFCAD}.Debug|Any CPU.Build.0 = Debug|Any CPU
		{C3F776D3-3BFF-4E52-ADAF-6058011EFCAD}.Release|Any CPU.ActiveCfg = Release|Any CPU
		{C3F776D3-3BFF-4E52-ADAF-6058011EFCAD}.Release|Any CPU.Build.0 = Release|Any CPU
		{08802C88-6DDF-4507-B009-FEFC111B0B5A}.Debug|Any CPU.ActiveCfg = Debug|Any CPU
		{08802C88-6DDF-4507-B009-FEFC111B0B5A}.Debug|Any CPU.Build.0 = Debug|Any CPU
		{08802C88-6DDF-4507-B009-FEFC111B0B5A}.Release|Any CPU.ActiveCfg = Release|Any CPU
		{08802C88-6DDF-4507-B009-FEFC111B0B5A}.Release|Any CPU.Build.0 = Release|Any CPU
		{2D653A25-DE80-4995-95BF-7CCF1903E1FB}.Debug|Any CPU.ActiveCfg = Debug|Any CPU
		{2D653A25-DE80-4995-95BF-7CCF1903E1FB}.Debug|Any CPU.Build.0 = Debug|Any CPU
		{2D653A25-DE80-4995-95BF-7CCF1903E1FB}.Release|Any CPU.ActiveCfg = Release|Any CPU
		{2D653A25-DE80-4995-95BF-7CCF1903E1FB}.Release|Any CPU.Build.0 = Release|Any CPU
		{FF96E57F-E95C-4E41-9BE7-6A5AE8E1E86D}.Debug|Any CPU.ActiveCfg = Debug|Any CPU
		{FF96E57F-E95C-4E41-9BE7-6A5AE8E1E86D}.Debug|Any CPU.Build.0 = Debug|Any CPU
		{FF96E57F-E95C-4E41-9BE7-6A5AE8E1E86D}.Release|Any CPU.ActiveCfg = Release|Any CPU
		{FF96E57F-E95C-4E41-9BE7-6A5AE8E1E86D}.Release|Any CPU.Build.0 = Release|Any CPU
		{1E673667-81B0-4325-BC5E-0B74FCBD7517}.Debug|Any CPU.ActiveCfg = Debug|Any CPU
		{1E673667-81B0-4325-BC5E-0B74FCBD7517}.Debug|Any CPU.Build.0 = Debug|Any CPU
		{1E673667-81B0-4325-BC5E-0B74FCBD7517}.Release|Any CPU.ActiveCfg = Release|Any CPU
		{1E673667-81B0-4325-BC5E-0B74FCBD7517}.Release|Any CPU.Build.0 = Release|Any CPU
		{2143A171-D629-41F6-B0F7-4CF82F079981}.Debug|Any CPU.ActiveCfg = Debug|Any CPU
		{2143A171-D629-41F6-B0F7-4CF82F079981}.Debug|Any CPU.Build.0 = Debug|Any CPU
		{2143A171-D629-41F6-B0F7-4CF82F079981}.Release|Any CPU.ActiveCfg = Release|Any CPU
		{2143A171-D629-41F6-B0F7-4CF82F079981}.Release|Any CPU.Build.0 = Release|Any CPU
		{EBEFE7D2-FDC6-47D0-8A44-755A26D5C7D9}.Debug|Any CPU.ActiveCfg = Debug|Any CPU
		{EBEFE7D2-FDC6-47D0-8A44-755A26D5C7D9}.Debug|Any CPU.Build.0 = Debug|Any CPU
		{EBEFE7D2-FDC6-47D0-8A44-755A26D5C7D9}.Release|Any CPU.ActiveCfg = Release|Any CPU
		{EBEFE7D2-FDC6-47D0-8A44-755A26D5C7D9}.Release|Any CPU.Build.0 = Release|Any CPU
		{9D266105-959C-4EAC-95AD-2A26705FF45E}.Debug|Any CPU.ActiveCfg = Debug|Any CPU
		{9D266105-959C-4EAC-95AD-2A26705FF45E}.Debug|Any CPU.Build.0 = Debug|Any CPU
		{9D266105-959C-4EAC-95AD-2A26705FF45E}.Release|Any CPU.ActiveCfg = Release|Any CPU
		{9D266105-959C-4EAC-95AD-2A26705FF45E}.Release|Any CPU.Build.0 = Release|Any CPU
		{B3A7C39A-6A85-4782-BE9A-9AAC79F7E2F4}.Debug|Any CPU.ActiveCfg = Debug|Any CPU
		{B3A7C39A-6A85-4782-BE9A-9AAC79F7E2F4}.Debug|Any CPU.Build.0 = Debug|Any CPU
		{B3A7C39A-6A85-4782-BE9A-9AAC79F7E2F4}.Release|Any CPU.ActiveCfg = Release|Any CPU
		{B3A7C39A-6A85-4782-BE9A-9AAC79F7E2F4}.Release|Any CPU.Build.0 = Release|Any CPU
		{92701165-D39F-4066-AB1E-F48B9F2E9C9C}.Debug|Any CPU.ActiveCfg = Debug|Any CPU
		{92701165-D39F-4066-AB1E-F48B9F2E9C9C}.Debug|Any CPU.Build.0 = Debug|Any CPU
		{92701165-D39F-4066-AB1E-F48B9F2E9C9C}.Release|Any CPU.ActiveCfg = Release|Any CPU
		{92701165-D39F-4066-AB1E-F48B9F2E9C9C}.Release|Any CPU.Build.0 = Release|Any CPU
		{546F56DA-46FD-4B43-A6E1-B9AA4C2E24A4}.Debug|Any CPU.ActiveCfg = Debug|Any CPU
		{546F56DA-46FD-4B43-A6E1-B9AA4C2E24A4}.Debug|Any CPU.Build.0 = Debug|Any CPU
		{546F56DA-46FD-4B43-A6E1-B9AA4C2E24A4}.Release|Any CPU.ActiveCfg = Release|Any CPU
		{546F56DA-46FD-4B43-A6E1-B9AA4C2E24A4}.Release|Any CPU.Build.0 = Release|Any CPU
		{EF624853-DA43-438F-9B00-83D3670C54E1}.Debug|Any CPU.ActiveCfg = Debug|Any CPU
		{EF624853-DA43-438F-9B00-83D3670C54E1}.Debug|Any CPU.Build.0 = Debug|Any CPU
		{EF624853-DA43-438F-9B00-83D3670C54E1}.Release|Any CPU.ActiveCfg = Release|Any CPU
		{EF624853-DA43-438F-9B00-83D3670C54E1}.Release|Any CPU.Build.0 = Release|Any CPU
		{4D52B5FE-8E7B-4480-94FE-47F197D512C2}.Debug|Any CPU.ActiveCfg = Debug|Any CPU
		{4D52B5FE-8E7B-4480-94FE-47F197D512C2}.Debug|Any CPU.Build.0 = Debug|Any CPU
		{4D52B5FE-8E7B-4480-94FE-47F197D512C2}.Release|Any CPU.ActiveCfg = Release|Any CPU
		{4D52B5FE-8E7B-4480-94FE-47F197D512C2}.Release|Any CPU.Build.0 = Release|Any CPU
		{579A35D7-E1F4-4796-8F53-A99D3EEC35FE}.Debug|Any CPU.ActiveCfg = Debug|Any CPU
		{579A35D7-E1F4-4796-8F53-A99D3EEC35FE}.Debug|Any CPU.Build.0 = Debug|Any CPU
		{579A35D7-E1F4-4796-8F53-A99D3EEC35FE}.Release|Any CPU.ActiveCfg = Release|Any CPU
		{579A35D7-E1F4-4796-8F53-A99D3EEC35FE}.Release|Any CPU.Build.0 = Release|Any CPU
		{198D4512-BF4A-4A18-B4D4-C7E3D09A1453}.Debug|Any CPU.ActiveCfg = Debug|Any CPU
		{198D4512-BF4A-4A18-B4D4-C7E3D09A1453}.Debug|Any CPU.Build.0 = Debug|Any CPU
		{198D4512-BF4A-4A18-B4D4-C7E3D09A1453}.Release|Any CPU.ActiveCfg = Release|Any CPU
		{198D4512-BF4A-4A18-B4D4-C7E3D09A1453}.Release|Any CPU.Build.0 = Release|Any CPU
		{AAC2508F-D30C-489D-BDFC-02DA0D62FE9A}.Debug|Any CPU.ActiveCfg = Debug|Any CPU
		{AAC2508F-D30C-489D-BDFC-02DA0D62FE9A}.Debug|Any CPU.Build.0 = Debug|Any CPU
		{AAC2508F-D30C-489D-BDFC-02DA0D62FE9A}.Release|Any CPU.ActiveCfg = Release|Any CPU
		{AAC2508F-D30C-489D-BDFC-02DA0D62FE9A}.Release|Any CPU.Build.0 = Release|Any CPU
		{9D1DAFF8-660B-4955-B38D-F17AC20098AD}.Debug|Any CPU.ActiveCfg = Debug|Any CPU
		{9D1DAFF8-660B-4955-B38D-F17AC20098AD}.Debug|Any CPU.Build.0 = Debug|Any CPU
		{9D1DAFF8-660B-4955-B38D-F17AC20098AD}.Release|Any CPU.ActiveCfg = Release|Any CPU
		{9D1DAFF8-660B-4955-B38D-F17AC20098AD}.Release|Any CPU.Build.0 = Release|Any CPU
		{204A77B8-5965-4A87-AABE-13B7FA0CB68C}.Debug|Any CPU.ActiveCfg = Debug|Any CPU
		{204A77B8-5965-4A87-AABE-13B7FA0CB68C}.Debug|Any CPU.Build.0 = Debug|Any CPU
		{204A77B8-5965-4A87-AABE-13B7FA0CB68C}.Release|Any CPU.ActiveCfg = Release|Any CPU
		{204A77B8-5965-4A87-AABE-13B7FA0CB68C}.Release|Any CPU.Build.0 = Release|Any CPU
		{DBF466A6-B0AB-4C21-B916-F68D33A1C556}.Debug|Any CPU.ActiveCfg = Debug|Any CPU
		{DBF466A6-B0AB-4C21-B916-F68D33A1C556}.Debug|Any CPU.Build.0 = Debug|Any CPU
		{DBF466A6-B0AB-4C21-B916-F68D33A1C556}.Release|Any CPU.ActiveCfg = Release|Any CPU
		{DBF466A6-B0AB-4C21-B916-F68D33A1C556}.Release|Any CPU.Build.0 = Release|Any CPU
		{4EE0FFD2-8AC6-412D-B8FC-CCAF5AD708E0}.Debug|Any CPU.ActiveCfg = Debug|Any CPU
		{4EE0FFD2-8AC6-412D-B8FC-CCAF5AD708E0}.Debug|Any CPU.Build.0 = Debug|Any CPU
		{4EE0FFD2-8AC6-412D-B8FC-CCAF5AD708E0}.Release|Any CPU.ActiveCfg = Release|Any CPU
		{4EE0FFD2-8AC6-412D-B8FC-CCAF5AD708E0}.Release|Any CPU.Build.0 = Release|Any CPU
	EndGlobalSection
	GlobalSection(SolutionProperties) = preSolution
		HideSolutionNode = FALSE
	EndGlobalSection
EndGlobal
