
Microsoft Visual Studio Solution File, Format Version 12.00
# Visual Studio 14
VisualStudioVersion = 14.0.25420.1
MinimumVisualStudioVersion = 10.0.40219.1
Project("{FAE04EC0-301F-11D3-BF4B-00C04F79EFBC}") = "01 Practice IN", "01 Practice IN\01 Practice IN.csproj", "{36BE79CA-91D5-4F57-BE39-D858C597FA94}"
EndProject
Project("{FAE04EC0-301F-11D3-BF4B-00C04F79EFBC}") = "02 Practice FN", "02 Practice FN\02 Practice FN.csproj", "{A829B929-F949-4C6B-927E-930F00D7B9C6}"
EndProject
Project("{FAE04EC0-301F-11D3-BF4B-00C04F79EFBC}") = "03 Practice CS", "03 Practice CS\03 Practice CS.csproj", "{BD8D7B67-A1C4-4CC7-9596-A65EB99047CA}"
EndProject
Project("{FAE04EC0-301F-11D3-BF4B-00C04F79EFBC}") = "04 Hexadecimal Format", "04 Hexadecimal Format\04 Hexadecimal Format.csproj", "{5873B9A4-6541-4691-810C-C92CE8F773D1}"
EndProject
Project("{FAE04EC0-301F-11D3-BF4B-00C04F79EFBC}") = "05 Boolean Var", "05 Boolean Var\05 Boolean Var.csproj", "{3BAA2A74-1E9C-46C2-9D97-D47A5CFC3F40}"
EndProject
Project("{FAE04EC0-301F-11D3-BF4B-00C04F79EFBC}") = "06 Strings and Objects", "06 Strings and Objects\06 Strings and Objects.csproj", "{DB3EE28B-D2F5-41E5-ABCD-4E3065E507EF}"
EndProject
Project("{FAE04EC0-301F-11D3-BF4B-00C04F79EFBC}") = "07 Exchange VV", "07 Exchange VV\07 Exchange VV.csproj", "{83FEEB59-E244-4852-A4DF-8EEFC89E6116}"
EndProject
Project("{FAE04EC0-301F-11D3-BF4B-00C04F79EFBC}") = "08 Employee Data", "08 Employee Data\08 Employee Data.csproj", "{D014696E-8A4F-4047-8D06-4E32D3DCFC4C}"
EndProject
Project("{FAE04EC0-301F-11D3-BF4B-00C04F79EFBC}") = "09 Reverse Char", "09 Reverse Char\09 Reverse Char.csproj", "{4D273F9D-E0F4-4787-AB5C-9014BE14C4AA}"
EndProject
Project("{FAE04EC0-301F-11D3-BF4B-00C04F79EFBC}") = "10 Centur To Nano", "10 Centur To Nano\10 Centur To Nano.csproj", "{F0C63881-F120-433D-8C0F-DEC7AE72478F}"
EndProject
Project("{FAE04EC0-301F-11D3-BF4B-00C04F79EFBC}") = "11 Convert SU", "11 Convert SU\11 Convert SU.csproj", "{3AD5A40A-A955-42CA-83C9-0DC3A62F4D8B}"
EndProject
Project("{FAE04EC0-301F-11D3-BF4B-00C04F79EFBC}") = "12 Rectangle Properties", "12 Rectangle Properties\12 Rectangle Properties.csproj", "{6792D29E-6B21-427E-BDE6-B1FCBF90FCCD}"
EndProject
Project("{FAE04EC0-301F-11D3-BF4B-00C04F79EFBC}") = "13 Vowel or Digit", "13 Vowel or Digit\13 Vowel or Digit.csproj", "{556EC229-A3EE-461B-8327-7C40490BE44D}"
EndProject
Project("{FAE04EC0-301F-11D3-BF4B-00C04F79EFBC}") = "14 Integer to HnB", "14 Integer to HnB\14 Integer to HnB.csproj", "{76B84B90-185E-40A2-8AFB-DD429DE8C130}"
EndProject
Project("{FAE04EC0-301F-11D3-BF4B-00C04F79EFBC}") = "15 FPC - R", "15 FPC - R\15 FPC - R.csproj", "{A567C93F-E78D-42DB-A4DF-5447B5B7B820}"
EndProject
Global
	GlobalSection(SolutionConfigurationPlatforms) = preSolution
		Debug|Any CPU = Debug|Any CPU
		Release|Any CPU = Release|Any CPU
	EndGlobalSection
	GlobalSection(ProjectConfigurationPlatforms) = postSolution
		{36BE79CA-91D5-4F57-BE39-D858C597FA94}.Debug|Any CPU.ActiveCfg = Debug|Any CPU
		{36BE79CA-91D5-4F57-BE39-D858C597FA94}.Debug|Any CPU.Build.0 = Debug|Any CPU
		{36BE79CA-91D5-4F57-BE39-D858C597FA94}.Release|Any CPU.ActiveCfg = Release|Any CPU
		{36BE79CA-91D5-4F57-BE39-D858C597FA94}.Release|Any CPU.Build.0 = Release|Any CPU
		{A829B929-F949-4C6B-927E-930F00D7B9C6}.Debug|Any CPU.ActiveCfg = Debug|Any CPU
		{A829B929-F949-4C6B-927E-930F00D7B9C6}.Debug|Any CPU.Build.0 = Debug|Any CPU
		{A829B929-F949-4C6B-927E-930F00D7B9C6}.Release|Any CPU.ActiveCfg = Release|Any CPU
		{A829B929-F949-4C6B-927E-930F00D7B9C6}.Release|Any CPU.Build.0 = Release|Any CPU
		{BD8D7B67-A1C4-4CC7-9596-A65EB99047CA}.Debug|Any CPU.ActiveCfg = Debug|Any CPU
		{BD8D7B67-A1C4-4CC7-9596-A65EB99047CA}.Debug|Any CPU.Build.0 = Debug|Any CPU
		{BD8D7B67-A1C4-4CC7-9596-A65EB99047CA}.Release|Any CPU.ActiveCfg = Release|Any CPU
		{BD8D7B67-A1C4-4CC7-9596-A65EB99047CA}.Release|Any CPU.Build.0 = Release|Any CPU
		{5873B9A4-6541-4691-810C-C92CE8F773D1}.Debug|Any CPU.ActiveCfg = Debug|Any CPU
		{5873B9A4-6541-4691-810C-C92CE8F773D1}.Debug|Any CPU.Build.0 = Debug|Any CPU
		{5873B9A4-6541-4691-810C-C92CE8F773D1}.Release|Any CPU.ActiveCfg = Release|Any CPU
		{5873B9A4-6541-4691-810C-C92CE8F773D1}.Release|Any CPU.Build.0 = Release|Any CPU
		{3BAA2A74-1E9C-46C2-9D97-D47A5CFC3F40}.Debug|Any CPU.ActiveCfg = Debug|Any CPU
		{3BAA2A74-1E9C-46C2-9D97-D47A5CFC3F40}.Debug|Any CPU.Build.0 = Debug|Any CPU
		{3BAA2A74-1E9C-46C2-9D97-D47A5CFC3F40}.Release|Any CPU.ActiveCfg = Release|Any CPU
		{3BAA2A74-1E9C-46C2-9D97-D47A5CFC3F40}.Release|Any CPU.Build.0 = Release|Any CPU
		{DB3EE28B-D2F5-41E5-ABCD-4E3065E507EF}.Debug|Any CPU.ActiveCfg = Debug|Any CPU
		{DB3EE28B-D2F5-41E5-ABCD-4E3065E507EF}.Debug|Any CPU.Build.0 = Debug|Any CPU
		{DB3EE28B-D2F5-41E5-ABCD-4E3065E507EF}.Release|Any CPU.ActiveCfg = Release|Any CPU
		{DB3EE28B-D2F5-41E5-ABCD-4E3065E507EF}.Release|Any CPU.Build.0 = Release|Any CPU
		{83FEEB59-E244-4852-A4DF-8EEFC89E6116}.Debug|Any CPU.ActiveCfg = Debug|Any CPU
		{83FEEB59-E244-4852-A4DF-8EEFC89E6116}.Debug|Any CPU.Build.0 = Debug|Any CPU
		{83FEEB59-E244-4852-A4DF-8EEFC89E6116}.Release|Any CPU.ActiveCfg = Release|Any CPU
		{83FEEB59-E244-4852-A4DF-8EEFC89E6116}.Release|Any CPU.Build.0 = Release|Any CPU
		{D014696E-8A4F-4047-8D06-4E32D3DCFC4C}.Debug|Any CPU.ActiveCfg = Debug|Any CPU
		{D014696E-8A4F-4047-8D06-4E32D3DCFC4C}.Debug|Any CPU.Build.0 = Debug|Any CPU
		{D014696E-8A4F-4047-8D06-4E32D3DCFC4C}.Release|Any CPU.ActiveCfg = Release|Any CPU
		{D014696E-8A4F-4047-8D06-4E32D3DCFC4C}.Release|Any CPU.Build.0 = Release|Any CPU
		{4D273F9D-E0F4-4787-AB5C-9014BE14C4AA}.Debug|Any CPU.ActiveCfg = Debug|Any CPU
		{4D273F9D-E0F4-4787-AB5C-9014BE14C4AA}.Debug|Any CPU.Build.0 = Debug|Any CPU
		{4D273F9D-E0F4-4787-AB5C-9014BE14C4AA}.Release|Any CPU.ActiveCfg = Release|Any CPU
		{4D273F9D-E0F4-4787-AB5C-9014BE14C4AA}.Release|Any CPU.Build.0 = Release|Any CPU
		{F0C63881-F120-433D-8C0F-DEC7AE72478F}.Debug|Any CPU.ActiveCfg = Debug|Any CPU
		{F0C63881-F120-433D-8C0F-DEC7AE72478F}.Debug|Any CPU.Build.0 = Debug|Any CPU
		{F0C63881-F120-433D-8C0F-DEC7AE72478F}.Release|Any CPU.ActiveCfg = Release|Any CPU
		{F0C63881-F120-433D-8C0F-DEC7AE72478F}.Release|Any CPU.Build.0 = Release|Any CPU
		{3AD5A40A-A955-42CA-83C9-0DC3A62F4D8B}.Debug|Any CPU.ActiveCfg = Debug|Any CPU
		{3AD5A40A-A955-42CA-83C9-0DC3A62F4D8B}.Debug|Any CPU.Build.0 = Debug|Any CPU
		{3AD5A40A-A955-42CA-83C9-0DC3A62F4D8B}.Release|Any CPU.ActiveCfg = Release|Any CPU
		{3AD5A40A-A955-42CA-83C9-0DC3A62F4D8B}.Release|Any CPU.Build.0 = Release|Any CPU
		{6792D29E-6B21-427E-BDE6-B1FCBF90FCCD}.Debug|Any CPU.ActiveCfg = Debug|Any CPU
		{6792D29E-6B21-427E-BDE6-B1FCBF90FCCD}.Debug|Any CPU.Build.0 = Debug|Any CPU
		{6792D29E-6B21-427E-BDE6-B1FCBF90FCCD}.Release|Any CPU.ActiveCfg = Release|Any CPU
		{6792D29E-6B21-427E-BDE6-B1FCBF90FCCD}.Release|Any CPU.Build.0 = Release|Any CPU
		{556EC229-A3EE-461B-8327-7C40490BE44D}.Debug|Any CPU.ActiveCfg = Debug|Any CPU
		{556EC229-A3EE-461B-8327-7C40490BE44D}.Debug|Any CPU.Build.0 = Debug|Any CPU
		{556EC229-A3EE-461B-8327-7C40490BE44D}.Release|Any CPU.ActiveCfg = Release|Any CPU
		{556EC229-A3EE-461B-8327-7C40490BE44D}.Release|Any CPU.Build.0 = Release|Any CPU
		{76B84B90-185E-40A2-8AFB-DD429DE8C130}.Debug|Any CPU.ActiveCfg = Debug|Any CPU
		{76B84B90-185E-40A2-8AFB-DD429DE8C130}.Debug|Any CPU.Build.0 = Debug|Any CPU
		{76B84B90-185E-40A2-8AFB-DD429DE8C130}.Release|Any CPU.ActiveCfg = Release|Any CPU
		{76B84B90-185E-40A2-8AFB-DD429DE8C130}.Release|Any CPU.Build.0 = Release|Any CPU
		{A567C93F-E78D-42DB-A4DF-5447B5B7B820}.Debug|Any CPU.ActiveCfg = Debug|Any CPU
		{A567C93F-E78D-42DB-A4DF-5447B5B7B820}.Debug|Any CPU.Build.0 = Debug|Any CPU
		{A567C93F-E78D-42DB-A4DF-5447B5B7B820}.Release|Any CPU.ActiveCfg = Release|Any CPU
		{A567C93F-E78D-42DB-A4DF-5447B5B7B820}.Release|Any CPU.Build.0 = Release|Any CPU
	EndGlobalSection
	GlobalSection(SolutionProperties) = preSolution
		HideSolutionNode = FALSE
	EndGlobalSection
EndGlobal
