
Microsoft Visual Studio Solution File, Format Version 12.00
# Visual Studio 14
VisualStudioVersion = 14.0.25420.1
MinimumVisualStudioVersion = 10.0.40219.1
Project("{FAE04EC0-301F-11D3-BF4B-00C04F79EFBC}") = "01 Type Boundaries", "01 Type Boundaries\01 Type Boundaries.csproj", "{590B7376-FDE1-4CE2-B872-78E3B41BF6B3}"
EndProject
Project("{FAE04EC0-301F-11D3-BF4B-00C04F79EFBC}") = "02 Number Checker", "02 Number Checker\02 Number Checker.csproj", "{3F9EACEE-F8F7-46E5-B4AC-D184B8540063}"
EndProject
Global
	GlobalSection(SolutionConfigurationPlatforms) = preSolution
		Debug|Any CPU = Debug|Any CPU
		Release|Any CPU = Release|Any CPU
	EndGlobalSection
	GlobalSection(ProjectConfigurationPlatforms) = postSolution
		{590B7376-FDE1-4CE2-B872-78E3B41BF6B3}.Debug|Any CPU.ActiveCfg = Debug|Any CPU
		{590B7376-FDE1-4CE2-B872-78E3B41BF6B3}.Debug|Any CPU.Build.0 = Debug|Any CPU
		{590B7376-FDE1-4CE2-B872-78E3B41BF6B3}.Release|Any CPU.ActiveCfg = Release|Any CPU
		{590B7376-FDE1-4CE2-B872-78E3B41BF6B3}.Release|Any CPU.Build.0 = Release|Any CPU
		{3F9EACEE-F8F7-46E5-B4AC-D184B8540063}.Debug|Any CPU.ActiveCfg = Debug|Any CPU
		{3F9EACEE-F8F7-46E5-B4AC-D184B8540063}.Debug|Any CPU.Build.0 = Debug|Any CPU
		{3F9EACEE-F8F7-46E5-B4AC-D184B8540063}.Release|Any CPU.ActiveCfg = Release|Any CPU
		{3F9EACEE-F8F7-46E5-B4AC-D184B8540063}.Release|Any CPU.Build.0 = Release|Any CPU
	EndGlobalSection
	GlobalSection(SolutionProperties) = preSolution
		HideSolutionNode = FALSE
	EndGlobalSection
EndGlobal
